# This file is autogenerated, do not edit; changes may be undone by the next 'dep ensure'.


[[projects]]
  digest = "1:a2cff208d4759f6ba1b1cd228587b0a1869f95f22542ec9cd17fff64430113c7"
  name = "github.com/jessevdk/go-flags"
  packages = ["."]
  pruneopts = "UT"
  revision = "c6ca198ec95c841fdb89fc0de7496fed11ab854e"
  version = "v1.4.0"

[[projects]]
  branch = "master"
  digest = "1:6a2ff8de26a58b7193ca6efeae34be90b82d0105294f09e27b87211e2fc1bbc8"
  name = "github.com/mackerelio/checkers"
  packages = ["."]
  pruneopts = "UT"
  revision = "55151e02b779c64afd74d5bf1b155c1e3cedc0d0"

[[projects]]
  digest = "1:53b15bc4eaa97f42958957810ac4c9ae4f79a4a97474544e7d2edeb6cfd7a444"
  name = "github.com/ziutek/mymysql"
  packages = [
    "mysql",
    "native",
  ]
  pruneopts = "UT"
  revision = "e08c2f35356576b3c3690c252fe5dca728ae9292"
  version = "v1.5.4"

[solve-meta]
  analyzer-name = "dep"
  analyzer-version = 1
  input-imports = [
    "github.com/jessevdk/go-flags",
    "github.com/mackerelio/checkers",
    "github.com/ziutek/mymysql/mysql",
    "github.com/ziutek/mymysql/native",
  ]
  solver-name = "gps-cdcl"
  solver-version = 1
